
Microsoft Visual Studio Solution File, Format Version 12.00
# Visual Studio Version 16
VisualStudioVersion = 16.0.32407.337
MinimumVisualStudioVersion = 10.0.40219.1
Project("{FAE04EC0-301F-11D3-BF4B-00C04F79EFBC}") = "TP_POLIMORTISMO_EJERCICIO_FIGURAS", "TP_POLIMORTISMO_EJERCICIO_FIGURAS\TP_POLIMORTISMO_EJERCICIO_FIGURAS.csproj", "{B400F219-3584-4D20-98BA-560C881DED39}"
EndProject
Global
	GlobalSection(SolutionConfigurationPlatforms) = preSolution
		Debug|Any CPU = Debug|Any CPU
		Release|Any CPU = Release|Any CPU
	EndGlobalSection
	GlobalSection(ProjectConfigurationPlatforms) = postSolution
		{B400F219-3584-4D20-98BA-560C881DED39}.Debug|Any CPU.ActiveCfg = Debug|Any CPU
		{B400F219-3584-4D20-98BA-560C881DED39}.Debug|Any CPU.Build.0 = Debug|Any CPU
		{B400F219-3584-4D20-98BA-560C881DED39}.Release|Any CPU.ActiveCfg = Release|Any CPU
		{B400F219-3584-4D20-98BA-560C881DED39}.Release|Any CPU.Build.0 = Release|Any CPU
	EndGlobalSection
	GlobalSection(SolutionProperties) = preSolution
		HideSolutionNode = FALSE
	EndGlobalSection
	GlobalSection(ExtensibilityGlobals) = postSolution
		SolutionGuid = {2E7AB233-FF2C-47C5-9F63-26FAB586FC0B}
	EndGlobalSection
EndGlobal
